
Microsoft Visual Studio Solution File, Format Version 12.00
Project("{FAE04EC0-301F-11D3-BF4B-00C04F79EFBC}") = "WAI.API", "WAI.API\WAI.API.csproj", "{658923E4-F2C9-4026-85FB-6662B1156E08}"
EndProject
Global
	GlobalSection(SolutionConfigurationPlatforms) = preSolution
		Debug|Any CPU = Debug|Any CPU
		Release|Any CPU = Release|Any CPU
	EndGlobalSection
	GlobalSection(ProjectConfigurationPlatforms) = postSolution
		{658923E4-F2C9-4026-85FB-6662B1156E08}.Debug|Any CPU.ActiveCfg = Debug|Any CPU
		{658923E4-F2C9-4026-85FB-6662B1156E08}.Debug|Any CPU.Build.0 = Debug|Any CPU
		{658923E4-F2C9-4026-85FB-6662B1156E08}.Release|Any CPU.ActiveCfg = Release|Any CPU
		{658923E4-F2C9-4026-85FB-6662B1156E08}.Release|Any CPU.Build.0 = Release|Any CPU
	EndGlobalSection
EndGlobal
